// !$*UTF8*$!
{
	archiveVersion = 1;
	classes = {
	};
	objectVersion = 55;
	objects = {

/* Begin PBXBuildFile section */
		3122C60C762451C2F388F634 /* Pods_MvvmWhite.framework in Frameworks */ = {isa = PBXBuildFile; fileRef = C753C6B4543B7539C121B777 /* Pods_MvvmWhite.framework */; };
		3EAD5115D75B374C53F15518 /* Pods_EgyptNews.framework in Frameworks */ = {isa = PBXBuildFile; fileRef = F6899316D1DE983E368BEFC5 /* Pods_EgyptNews.framework */; };
		AA6A7BC09161A3C580F88C71 /* Pods_EgyptNewsTests.framework in Frameworks */ = {isa = PBXBuildFile; fileRef = 78B7A6D4AB616FA3F0831806 /* Pods_EgyptNewsTests.framework */; };
		D9813027B1DA98CFDA734D87 /* Pods_EgyptNews_EgyptNewsUITests.framework in Frameworks */ = {isa = PBXBuildFile; fileRef = 3558E84C71B12BA5655A10A4 /* Pods_EgyptNews_EgyptNewsUITests.framework */; };
		EA0144D527260AB90021D6D4 /* ApiError.swift in Sources */ = {isa = PBXBuildFile; fileRef = EA0144D427260AB90021D6D4 /* ApiError.swift */; };
		EA0B2A882725AA32003E4420 /* AppDelegate.swift in Sources */ = {isa = PBXBuildFile; fileRef = EA0B2A872725AA32003E4420 /* AppDelegate.swift */; };
		EA0B2A8A2725AA32003E4420 /* SceneDelegate.swift in Sources */ = {isa = PBXBuildFile; fileRef = EA0B2A892725AA32003E4420 /* SceneDelegate.swift */; };
		EA0B2A912725AA33003E4420 /* Assets.xcassets in Resources */ = {isa = PBXBuildFile; fileRef = EA0B2A902725AA33003E4420 /* Assets.xcassets */; };
		EA0B2A942725AA33003E4420 /* LaunchScreen.storyboard in Resources */ = {isa = PBXBuildFile; fileRef = EA0B2A922725AA33003E4420 /* LaunchScreen.storyboard */; };
		EA0B2A9F2725AA34003E4420 /* EgyptNewsTests.swift in Sources */ = {isa = PBXBuildFile; fileRef = EA0B2A9E2725AA34003E4420 /* EgyptNewsTests.swift */; };
		EA0B2AA92725AA34003E4420 /* EgyptNewsUITests.swift in Sources */ = {isa = PBXBuildFile; fileRef = EA0B2AA82725AA34003E4420 /* EgyptNewsUITests.swift */; };
		EA0B2AAB2725AA34003E4420 /* EgyptNewsUITestsLaunchTests.swift in Sources */ = {isa = PBXBuildFile; fileRef = EA0B2AAA2725AA34003E4420 /* EgyptNewsUITestsLaunchTests.swift */; };
		EA0B2AC32725AEAE003E4420 /* libMvvmWhite.a in Frameworks */ = {isa = PBXBuildFile; fileRef = EA0B2ABB2725ADCE003E4420 /* libMvvmWhite.a */; };
		EA0B2AC8272609C5003E4420 /* ApiService.swift in Sources */ = {isa = PBXBuildFile; fileRef = EA0B2AC7272609C5003E4420 /* ApiService.swift */; };
		EA3DBEEE2729FEC900ACD1FB /* HeadlineTableViewCell.swift in Sources */ = {isa = PBXBuildFile; fileRef = EA3DBEEC2729FEC900ACD1FB /* HeadlineTableViewCell.swift */; };
		EA3DBEEF2729FEC900ACD1FB /* HeadlineTableViewCell.xib in Resources */ = {isa = PBXBuildFile; fileRef = EA3DBEED2729FEC900ACD1FB /* HeadlineTableViewCell.xib */; };
		EA3DBEF1272A064600ACD1FB /* TableViewCellExtension.swift in Sources */ = {isa = PBXBuildFile; fileRef = EA3DBEF0272A064600ACD1FB /* TableViewCellExtension.swift */; };
		EA3DBEF3272A086E00ACD1FB /* NameDescribable.swift in Sources */ = {isa = PBXBuildFile; fileRef = EA3DBEF2272A086E00ACD1FB /* NameDescribable.swift */; };
		EA9FFE65272829AB00FBBB2C /* BaseModel.swift in Sources */ = {isa = PBXBuildFile; fileRef = EA9FFE64272829AB00FBBB2C /* BaseModel.swift */; };
		EA9FFE692728453F00FBBB2C /* BaseService.swift in Sources */ = {isa = PBXBuildFile; fileRef = EA9FFE682728453F00FBBB2C /* BaseService.swift */; };
		EA9FFE6C2728477A00FBBB2C /* Settings.swift in Sources */ = {isa = PBXBuildFile; fileRef = EA9FFE6B2728477A00FBBB2C /* Settings.swift */; };
		EA9FFE6E2729340F00FBBB2C /* MockNewsRepo.swift in Sources */ = {isa = PBXBuildFile; fileRef = EA9FFE6D2729340F00FBBB2C /* MockNewsRepo.swift */; };
		EA9FFE702729356600FBBB2C /* HomeViewModel.swift in Sources */ = {isa = PBXBuildFile; fileRef = EA9FFE6F2729356600FBBB2C /* HomeViewModel.swift */; };
		EAB6EB552726DBD3009A1F8F /* StringExtension.swift in Sources */ = {isa = PBXBuildFile; fileRef = EAB6EB542726DBD3009A1F8F /* StringExtension.swift */; };
		EAB6EB5827270662009A1F8F /* Urls.swift in Sources */ = {isa = PBXBuildFile; fileRef = EAB6EB5727270662009A1F8F /* Urls.swift */; };
		EAB6EB5B272708E4009A1F8F /* NewsRepo.swift in Sources */ = {isa = PBXBuildFile; fileRef = EAB6EB5A272708E4009A1F8F /* NewsRepo.swift */; };
		EAB6EB5E2727091F009A1F8F /* HeadlinesData.swift in Sources */ = {isa = PBXBuildFile; fileRef = EAB6EB5D2727091F009A1F8F /* HeadlinesData.swift */; };
		EAB6EB6027270BAD009A1F8F /* ApiProtocol.swift in Sources */ = {isa = PBXBuildFile; fileRef = EAB6EB5F27270BAD009A1F8F /* ApiProtocol.swift */; };
		EAB6EB6227270CB2009A1F8F /* DataState.swift in Sources */ = {isa = PBXBuildFile; fileRef = EAB6EB6127270CB2009A1F8F /* DataState.swift */; };
		EAB6EB6527271709009A1F8F /* NewsService.swift in Sources */ = {isa = PBXBuildFile; fileRef = EAB6EB6427271709009A1F8F /* NewsService.swift */; };
		EAB6EB672727175F009A1F8F /* NewsRepoProtocol.swift in Sources */ = {isa = PBXBuildFile; fileRef = EAB6EB662727175F009A1F8F /* NewsRepoProtocol.swift */; };
		EAB6EB6A27271A2E009A1F8F /* HeadlineModel.swift in Sources */ = {isa = PBXBuildFile; fileRef = EAB6EB6927271A2E009A1F8F /* HeadlineModel.swift */; };
		EAB6EB6C27271D83009A1F8F /* NewsServiceProtocol.swift in Sources */ = {isa = PBXBuildFile; fileRef = EAB6EB6B27271D83009A1F8F /* NewsServiceProtocol.swift */; };
		EAB6EB7127271F4E009A1F8F /* HomeViewController.swift in Sources */ = {isa = PBXBuildFile; fileRef = EAB6EB7027271F4E009A1F8F /* HomeViewController.swift */; };
		EAB6EB7327271F79009A1F8F /* Home.storyboard in Resources */ = {isa = PBXBuildFile; fileRef = EAB6EB7227271F79009A1F8F /* Home.storyboard */; };
/* End PBXBuildFile section */

/* Begin PBXContainerItemProxy section */
		EA0B2A9B2725AA34003E4420 /* PBXContainerItemProxy */ = {
			isa = PBXContainerItemProxy;
			containerPortal = EA0B2A7C2725AA31003E4420 /* Project object */;
			proxyType = 1;
			remoteGlobalIDString = EA0B2A832725AA32003E4420;
			remoteInfo = EgyptNews;
		};
		EA0B2AA52725AA34003E4420 /* PBXContainerItemProxy */ = {
			isa = PBXContainerItemProxy;
			containerPortal = EA0B2A7C2725AA31003E4420 /* Project object */;
			proxyType = 1;
			remoteGlobalIDString = EA0B2A832725AA32003E4420;
			remoteInfo = EgyptNews;
		};
		EA0B2AC42725AEAE003E4420 /* PBXContainerItemProxy */ = {
			isa = PBXContainerItemProxy;
			containerPortal = EA0B2A7C2725AA31003E4420 /* Project object */;
			proxyType = 1;
			remoteGlobalIDString = EA0B2ABA2725ADCE003E4420;
			remoteInfo = MvvmWhite;
		};
/* End PBXContainerItemProxy section */

/* Begin PBXCopyFilesBuildPhase section */
		EA0B2AB92725ADCE003E4420 /* CopyFiles */ = {
			isa = PBXCopyFilesBuildPhase;
			buildActionMask = 2147483647;
			dstPath = "include/$(PRODUCT_NAME)";
			dstSubfolderSpec = 16;
			files = (
			);
			runOnlyForDeploymentPostprocessing = 0;
		};
/* End PBXCopyFilesBuildPhase section */

/* Begin PBXFileReference section */
		3558E84C71B12BA5655A10A4 /* Pods_EgyptNews_EgyptNewsUITests.framework */ = {isa = PBXFileReference; explicitFileType = wrapper.framework; includeInIndex = 0; path = Pods_EgyptNews_EgyptNewsUITests.framework; sourceTree = BUILT_PRODUCTS_DIR; };
		49BE90C53ED694B817080922 /* Pods-EgyptNews.debug.xcconfig */ = {isa = PBXFileReference; includeInIndex = 1; lastKnownFileType = text.xcconfig; name = "Pods-EgyptNews.debug.xcconfig"; path = "Target Support Files/Pods-EgyptNews/Pods-EgyptNews.debug.xcconfig"; sourceTree = "<group>"; };
		63910B24148ED287D185BED7 /* Pods-EgyptNewsTests.release.xcconfig */ = {isa = PBXFileReference; includeInIndex = 1; lastKnownFileType = text.xcconfig; name = "Pods-EgyptNewsTests.release.xcconfig"; path = "Target Support Files/Pods-EgyptNewsTests/Pods-EgyptNewsTests.release.xcconfig"; sourceTree = "<group>"; };
		71FBF6F6454C407AA5B33EE2 /* Pods-EgyptNews-EgyptNewsUITests.debug.xcconfig */ = {isa = PBXFileReference; includeInIndex = 1; lastKnownFileType = text.xcconfig; name = "Pods-EgyptNews-EgyptNewsUITests.debug.xcconfig"; path = "Target Support Files/Pods-EgyptNews-EgyptNewsUITests/Pods-EgyptNews-EgyptNewsUITests.debug.xcconfig"; sourceTree = "<group>"; };
		76EE1B3199FD3B323109C561 /* Pods-MvvmWhite.debug.xcconfig */ = {isa = PBXFileReference; includeInIndex = 1; lastKnownFileType = text.xcconfig; name = "Pods-MvvmWhite.debug.xcconfig"; path = "Target Support Files/Pods-MvvmWhite/Pods-MvvmWhite.debug.xcconfig"; sourceTree = "<group>"; };
		78B7A6D4AB616FA3F0831806 /* Pods_EgyptNewsTests.framework */ = {isa = PBXFileReference; explicitFileType = wrapper.framework; includeInIndex = 0; path = Pods_EgyptNewsTests.framework; sourceTree = BUILT_PRODUCTS_DIR; };
		9F43931024121C43422DFE71 /* Pods-EgyptNews.release.xcconfig */ = {isa = PBXFileReference; includeInIndex = 1; lastKnownFileType = text.xcconfig; name = "Pods-EgyptNews.release.xcconfig"; path = "Target Support Files/Pods-EgyptNews/Pods-EgyptNews.release.xcconfig"; sourceTree = "<group>"; };
		A0699BD0B4DD15AFE8801242 /* Pods-MvvmWhite.release.xcconfig */ = {isa = PBXFileReference; includeInIndex = 1; lastKnownFileType = text.xcconfig; name = "Pods-MvvmWhite.release.xcconfig"; path = "Target Support Files/Pods-MvvmWhite/Pods-MvvmWhite.release.xcconfig"; sourceTree = "<group>"; };
		C753C6B4543B7539C121B777 /* Pods_MvvmWhite.framework */ = {isa = PBXFileReference; explicitFileType = wrapper.framework; includeInIndex = 0; path = Pods_MvvmWhite.framework; sourceTree = BUILT_PRODUCTS_DIR; };
		E36DD971B3D74A7602A94281 /* Pods-EgyptNewsTests.debug.xcconfig */ = {isa = PBXFileReference; includeInIndex = 1; lastKnownFileType = text.xcconfig; name = "Pods-EgyptNewsTests.debug.xcconfig"; path = "Target Support Files/Pods-EgyptNewsTests/Pods-EgyptNewsTests.debug.xcconfig"; sourceTree = "<group>"; };
		EA0144D427260AB90021D6D4 /* ApiError.swift */ = {isa = PBXFileReference; lastKnownFileType = sourcecode.swift; path = ApiError.swift; sourceTree = "<group>"; };
		EA0B2A842725AA32003E4420 /* EgyptNews.app */ = {isa = PBXFileReference; explicitFileType = wrapper.application; includeInIndex = 0; path = EgyptNews.app; sourceTree = BUILT_PRODUCTS_DIR; };
		EA0B2A872725AA32003E4420 /* AppDelegate.swift */ = {isa = PBXFileReference; lastKnownFileType = sourcecode.swift; path = AppDelegate.swift; sourceTree = "<group>"; };
		EA0B2A892725AA32003E4420 /* SceneDelegate.swift */ = {isa = PBXFileReference; lastKnownFileType = sourcecode.swift; path = SceneDelegate.swift; sourceTree = "<group>"; };
		EA0B2A902725AA33003E4420 /* Assets.xcassets */ = {isa = PBXFileReference; lastKnownFileType = folder.assetcatalog; path = Assets.xcassets; sourceTree = "<group>"; };
		EA0B2A932725AA33003E4420 /* Base */ = {isa = PBXFileReference; lastKnownFileType = file.storyboard; name = Base; path = Base.lproj/LaunchScreen.storyboard; sourceTree = "<group>"; };
		EA0B2A952725AA33003E4420 /* Info.plist */ = {isa = PBXFileReference; lastKnownFileType = text.plist.xml; path = Info.plist; sourceTree = "<group>"; };
		EA0B2A9A2725AA34003E4420 /* EgyptNewsTests.xctest */ = {isa = PBXFileReference; explicitFileType = wrapper.cfbundle; includeInIndex = 0; path = EgyptNewsTests.xctest; sourceTree = BUILT_PRODUCTS_DIR; };
		EA0B2A9E2725AA34003E4420 /* EgyptNewsTests.swift */ = {isa = PBXFileReference; lastKnownFileType = sourcecode.swift; path = EgyptNewsTests.swift; sourceTree = "<group>"; };
		EA0B2AA42725AA34003E4420 /* EgyptNewsUITests.xctest */ = {isa = PBXFileReference; explicitFileType = wrapper.cfbundle; includeInIndex = 0; path = EgyptNewsUITests.xctest; sourceTree = BUILT_PRODUCTS_DIR; };
		EA0B2AA82725AA34003E4420 /* EgyptNewsUITests.swift */ = {isa = PBXFileReference; lastKnownFileType = sourcecode.swift; path = EgyptNewsUITests.swift; sourceTree = "<group>"; };
		EA0B2AAA2725AA34003E4420 /* EgyptNewsUITestsLaunchTests.swift */ = {isa = PBXFileReference; lastKnownFileType = sourcecode.swift; path = EgyptNewsUITestsLaunchTests.swift; sourceTree = "<group>"; };
		EA0B2ABB2725ADCE003E4420 /* libMvvmWhite.a */ = {isa = PBXFileReference; explicitFileType = archive.ar; includeInIndex = 0; path = libMvvmWhite.a; sourceTree = BUILT_PRODUCTS_DIR; };
		EA0B2AC7272609C5003E4420 /* ApiService.swift */ = {isa = PBXFileReference; lastKnownFileType = sourcecode.swift; path = ApiService.swift; sourceTree = "<group>"; };
		EA3DBEEC2729FEC900ACD1FB /* HeadlineTableViewCell.swift */ = {isa = PBXFileReference; lastKnownFileType = sourcecode.swift; path = HeadlineTableViewCell.swift; sourceTree = "<group>"; };
		EA3DBEED2729FEC900ACD1FB /* HeadlineTableViewCell.xib */ = {isa = PBXFileReference; lastKnownFileType = file.xib; path = HeadlineTableViewCell.xib; sourceTree = "<group>"; };
		EA3DBEF0272A064600ACD1FB /* TableViewCellExtension.swift */ = {isa = PBXFileReference; lastKnownFileType = sourcecode.swift; path = TableViewCellExtension.swift; sourceTree = "<group>"; };
		EA3DBEF2272A086E00ACD1FB /* NameDescribable.swift */ = {isa = PBXFileReference; lastKnownFileType = sourcecode.swift; path = NameDescribable.swift; sourceTree = "<group>"; };
		EA9FFE64272829AB00FBBB2C /* BaseModel.swift */ = {isa = PBXFileReference; lastKnownFileType = sourcecode.swift; path = BaseModel.swift; sourceTree = "<group>"; };
		EA9FFE682728453F00FBBB2C /* BaseService.swift */ = {isa = PBXFileReference; lastKnownFileType = sourcecode.swift; path = BaseService.swift; sourceTree = "<group>"; };
		EA9FFE6B2728477A00FBBB2C /* Settings.swift */ = {isa = PBXFileReference; lastKnownFileType = sourcecode.swift; path = Settings.swift; sourceTree = "<group>"; };
		EA9FFE6D2729340F00FBBB2C /* MockNewsRepo.swift */ = {isa = PBXFileReference; lastKnownFileType = sourcecode.swift; path = MockNewsRepo.swift; sourceTree = "<group>"; };
		EA9FFE6F2729356600FBBB2C /* HomeViewModel.swift */ = {isa = PBXFileReference; lastKnownFileType = sourcecode.swift; path = HomeViewModel.swift; sourceTree = "<group>"; };
		EAB6EB542726DBD3009A1F8F /* StringExtension.swift */ = {isa = PBXFileReference; lastKnownFileType = sourcecode.swift; path = StringExtension.swift; sourceTree = "<group>"; };
		EAB6EB5727270662009A1F8F /* Urls.swift */ = {isa = PBXFileReference; lastKnownFileType = sourcecode.swift; path = Urls.swift; sourceTree = "<group>"; };
		EAB6EB5A272708E4009A1F8F /* NewsRepo.swift */ = {isa = PBXFileReference; lastKnownFileType = sourcecode.swift; path = NewsRepo.swift; sourceTree = "<group>"; };
		EAB6EB5D2727091F009A1F8F /* HeadlinesData.swift */ = {isa = PBXFileReference; lastKnownFileType = sourcecode.swift; path = HeadlinesData.swift; sourceTree = "<group>"; };
		EAB6EB5F27270BAD009A1F8F /* ApiProtocol.swift */ = {isa = PBXFileReference; lastKnownFileType = sourcecode.swift; path = ApiProtocol.swift; sourceTree = "<group>"; };
		EAB6EB6127270CB2009A1F8F /* DataState.swift */ = {isa = PBXFileReference; lastKnownFileType = sourcecode.swift; path = DataState.swift; sourceTree = "<group>"; };
		EAB6EB6427271709009A1F8F /* NewsService.swift */ = {isa = PBXFileReference; lastKnownFileType = sourcecode.swift; path = NewsService.swift; sourceTree = "<group>"; };
		EAB6EB662727175F009A1F8F /* NewsRepoProtocol.swift */ = {isa = PBXFileReference; lastKnownFileType = sourcecode.swift; path = NewsRepoProtocol.swift; sourceTree = "<group>"; };
		EAB6EB6927271A2E009A1F8F /* HeadlineModel.swift */ = {isa = PBXFileReference; lastKnownFileType = sourcecode.swift; path = HeadlineModel.swift; sourceTree = "<group>"; };
		EAB6EB6B27271D83009A1F8F /* NewsServiceProtocol.swift */ = {isa = PBXFileReference; lastKnownFileType = sourcecode.swift; path = NewsServiceProtocol.swift; sourceTree = "<group>"; };
		EAB6EB7027271F4E009A1F8F /* HomeViewController.swift */ = {isa = PBXFileReference; lastKnownFileType = sourcecode.swift; path = HomeViewController.swift; sourceTree = "<group>"; };
		EAB6EB7227271F79009A1F8F /* Home.storyboard */ = {isa = PBXFileReference; lastKnownFileType = file.storyboard; path = Home.storyboard; sourceTree = "<group>"; };
		EF7577FB1A50A1FEBBC930F0 /* Pods-EgyptNews-EgyptNewsUITests.release.xcconfig */ = {isa = PBXFileReference; includeInIndex = 1; lastKnownFileType = text.xcconfig; name = "Pods-EgyptNews-EgyptNewsUITests.release.xcconfig"; path = "Target Support Files/Pods-EgyptNews-EgyptNewsUITests/Pods-EgyptNews-EgyptNewsUITests.release.xcconfig"; sourceTree = "<group>"; };
		F6899316D1DE983E368BEFC5 /* Pods_EgyptNews.framework */ = {isa = PBXFileReference; explicitFileType = wrapper.framework; includeInIndex = 0; path = Pods_EgyptNews.framework; sourceTree = BUILT_PRODUCTS_DIR; };
/* End PBXFileReference section */

/* Begin PBXFrameworksBuildPhase section */
		EA0B2A812725AA32003E4420 /* Frameworks */ = {
			isa = PBXFrameworksBuildPhase;
			buildActionMask = 2147483647;
			files = (
				EA0B2AC32725AEAE003E4420 /* libMvvmWhite.a in Frameworks */,
				3EAD5115D75B374C53F15518 /* Pods_EgyptNews.framework in Frameworks */,
			);
			runOnlyForDeploymentPostprocessing = 0;
		};
		EA0B2A972725AA34003E4420 /* Frameworks */ = {
			isa = PBXFrameworksBuildPhase;
			buildActionMask = 2147483647;
			files = (
				AA6A7BC09161A3C580F88C71 /* Pods_EgyptNewsTests.framework in Frameworks */,
			);
			runOnlyForDeploymentPostprocessing = 0;
		};
		EA0B2AA12725AA34003E4420 /* Frameworks */ = {
			isa = PBXFrameworksBuildPhase;
			buildActionMask = 2147483647;
			files = (
				D9813027B1DA98CFDA734D87 /* Pods_EgyptNews_EgyptNewsUITests.framework in Frameworks */,
			);
			runOnlyForDeploymentPostprocessing = 0;
		};
		EA0B2AB82725ADCE003E4420 /* Frameworks */ = {
			isa = PBXFrameworksBuildPhase;
			buildActionMask = 2147483647;
			files = (
				3122C60C762451C2F388F634 /* Pods_MvvmWhite.framework in Frameworks */,
			);
			runOnlyForDeploymentPostprocessing = 0;
		};
/* End PBXFrameworksBuildPhase section */

/* Begin PBXGroup section */
		B16D2F29DCFBEC722322516C /* Pods */ = {
			isa = PBXGroup;
			children = (
				49BE90C53ED694B817080922 /* Pods-EgyptNews.debug.xcconfig */,
				9F43931024121C43422DFE71 /* Pods-EgyptNews.release.xcconfig */,
				71FBF6F6454C407AA5B33EE2 /* Pods-EgyptNews-EgyptNewsUITests.debug.xcconfig */,
				EF7577FB1A50A1FEBBC930F0 /* Pods-EgyptNews-EgyptNewsUITests.release.xcconfig */,
				E36DD971B3D74A7602A94281 /* Pods-EgyptNewsTests.debug.xcconfig */,
				63910B24148ED287D185BED7 /* Pods-EgyptNewsTests.release.xcconfig */,
				76EE1B3199FD3B323109C561 /* Pods-MvvmWhite.debug.xcconfig */,
				A0699BD0B4DD15AFE8801242 /* Pods-MvvmWhite.release.xcconfig */,
			);
			name = Pods;
			path = Pods;
			sourceTree = "<group>";
		};
		EA0B2A7B2725AA31003E4420 = {
			isa = PBXGroup;
			children = (
				EA0B2A862725AA32003E4420 /* EgyptNews */,
				EA0B2A9D2725AA34003E4420 /* EgyptNewsTests */,
				EA0B2AA72725AA34003E4420 /* EgyptNewsUITests */,
				EA0B2ABC2725ADCE003E4420 /* MvvmWhite */,
				EA0B2A852725AA32003E4420 /* Products */,
				EA0B2AC22725AEAE003E4420 /* Frameworks */,
				B16D2F29DCFBEC722322516C /* Pods */,
			);
			sourceTree = "<group>";
		};
		EA0B2A852725AA32003E4420 /* Products */ = {
			isa = PBXGroup;
			children = (
				EA0B2A842725AA32003E4420 /* EgyptNews.app */,
				EA0B2A9A2725AA34003E4420 /* EgyptNewsTests.xctest */,
				EA0B2AA42725AA34003E4420 /* EgyptNewsUITests.xctest */,
				EA0B2ABB2725ADCE003E4420 /* libMvvmWhite.a */,
			);
			name = Products;
			sourceTree = "<group>";
		};
		EA0B2A862725AA32003E4420 /* EgyptNews */ = {
			isa = PBXGroup;
			children = (
				EAB6EB6F27271DE1009A1F8F /* Views */,
				EAB6EB6D27271DC6009A1F8F /* ViewModels */,
				EAB6EB6827271A14009A1F8F /* Models */,
				EAB6EB63272716F3009A1F8F /* Services */,
				EAB6EB5C27270912009A1F8F /* Data */,
				EAB6EB59272708D4009A1F8F /* Repos */,
				EAB6EB5627270652009A1F8F /* Constants */,
				EA0B2A872725AA32003E4420 /* AppDelegate.swift */,
				EA0B2A892725AA32003E4420 /* SceneDelegate.swift */,
				EA0B2A902725AA33003E4420 /* Assets.xcassets */,
				EA0B2A952725AA33003E4420 /* Info.plist */,
			);
			path = EgyptNews;
			sourceTree = "<group>";
		};
		EA0B2A9D2725AA34003E4420 /* EgyptNewsTests */ = {
			isa = PBXGroup;
			children = (
				EA0B2A9E2725AA34003E4420 /* EgyptNewsTests.swift */,
			);
			path = EgyptNewsTests;
			sourceTree = "<group>";
		};
		EA0B2AA72725AA34003E4420 /* EgyptNewsUITests */ = {
			isa = PBXGroup;
			children = (
				EA0B2AA82725AA34003E4420 /* EgyptNewsUITests.swift */,
				EA0B2AAA2725AA34003E4420 /* EgyptNewsUITestsLaunchTests.swift */,
			);
			path = EgyptNewsUITests;
			sourceTree = "<group>";
		};
		EA0B2ABC2725ADCE003E4420 /* MvvmWhite */ = {
			isa = PBXGroup;
			children = (
				EA9FFE6B2728477A00FBBB2C /* Settings.swift */,
				EA9FFE632728299500FBBB2C /* Bases */,
				EA9FFE602728288400FBBB2C /* Protocols */,
				EAB6EB532726DA36009A1F8F /* Extensions */,
				EA0B2AC6272609AA003E4420 /* Services */,
			);
			path = MvvmWhite;
			sourceTree = "<group>";
		};
		EA0B2AC22725AEAE003E4420 /* Frameworks */ = {
			isa = PBXGroup;
			children = (
				F6899316D1DE983E368BEFC5 /* Pods_EgyptNews.framework */,
				3558E84C71B12BA5655A10A4 /* Pods_EgyptNews_EgyptNewsUITests.framework */,
				78B7A6D4AB616FA3F0831806 /* Pods_EgyptNewsTests.framework */,
				C753C6B4543B7539C121B777 /* Pods_MvvmWhite.framework */,
			);
			name = Frameworks;
			sourceTree = "<group>";
		};
		EA0B2AC6272609AA003E4420 /* Services */ = {
			isa = PBXGroup;
			children = (
				EAB6EB7427272218009A1F8F /* ApiService */,
				EAB6EB6127270CB2009A1F8F /* DataState.swift */,
			);
			path = Services;
			sourceTree = "<group>";
		};
		EA3DBEE72729FD1200ACD1FB /* Storyboards */ = {
			isa = PBXGroup;
			children = (
				EA0B2A922725AA33003E4420 /* LaunchScreen.storyboard */,
				EAB6EB7227271F79009A1F8F /* Home.storyboard */,
			);
			path = Storyboards;
			sourceTree = "<group>";
		};
		EA3DBEE82729FD2A00ACD1FB /* ViewControllers */ = {
			isa = PBXGroup;
			children = (
				EAB6EB7027271F4E009A1F8F /* HomeViewController.swift */,
			);
			path = ViewControllers;
			sourceTree = "<group>";
		};
		EA3DBEE92729FE3900ACD1FB /* ViewCells */ = {
			isa = PBXGroup;
			children = (
				EA3DBEEC2729FEC900ACD1FB /* HeadlineTableViewCell.swift */,
				EA3DBEED2729FEC900ACD1FB /* HeadlineTableViewCell.xib */,
			);
			path = ViewCells;
			sourceTree = "<group>";
		};
		EA9FFE602728288400FBBB2C /* Protocols */ = {
			isa = PBXGroup;
			children = (
			);
			path = Protocols;
			sourceTree = "<group>";
		};
		EA9FFE632728299500FBBB2C /* Bases */ = {
			isa = PBXGroup;
			children = (
				EA9FFE64272829AB00FBBB2C /* BaseModel.swift */,
				EA9FFE682728453F00FBBB2C /* BaseService.swift */,
			);
			path = Bases;
			sourceTree = "<group>";
		};
		EAB6EB532726DA36009A1F8F /* Extensions */ = {
			isa = PBXGroup;
			children = (
				EAB6EB542726DBD3009A1F8F /* StringExtension.swift */,
				EA3DBEF0272A064600ACD1FB /* TableViewCellExtension.swift */,
				EA3DBEF2272A086E00ACD1FB /* NameDescribable.swift */,
			);
			path = Extensions;
			sourceTree = "<group>";
		};
		EAB6EB5627270652009A1F8F /* Constants */ = {
			isa = PBXGroup;
			children = (
				EAB6EB5727270662009A1F8F /* Urls.swift */,
			);
			path = Constants;
			sourceTree = "<group>";
		};
		EAB6EB59272708D4009A1F8F /* Repos */ = {
			isa = PBXGroup;
			children = (
				EAB6EB5A272708E4009A1F8F /* NewsRepo.swift */,
				EAB6EB662727175F009A1F8F /* NewsRepoProtocol.swift */,
				EA9FFE6D2729340F00FBBB2C /* MockNewsRepo.swift */,
			);
			path = Repos;
			sourceTree = "<group>";
		};
		EAB6EB5C27270912009A1F8F /* Data */ = {
			isa = PBXGroup;
			children = (
				EAB6EB5D2727091F009A1F8F /* HeadlinesData.swift */,
			);
			path = Data;
			sourceTree = "<group>";
		};
		EAB6EB63272716F3009A1F8F /* Services */ = {
			isa = PBXGroup;
			children = (
				EAB6EB6427271709009A1F8F /* NewsService.swift */,
				EAB6EB6B27271D83009A1F8F /* NewsServiceProtocol.swift */,
			);
			path = Services;
			sourceTree = "<group>";
		};
		EAB6EB6827271A14009A1F8F /* Models */ = {
			isa = PBXGroup;
			children = (
				EAB6EB6927271A2E009A1F8F /* HeadlineModel.swift */,
			);
			path = Models;
			sourceTree = "<group>";
		};
		EAB6EB6D27271DC6009A1F8F /* ViewModels */ = {
			isa = PBXGroup;
			children = (
				EA9FFE6F2729356600FBBB2C /* HomeViewModel.swift */,
			);
			path = ViewModels;
			sourceTree = "<group>";
		};
		EAB6EB6F27271DE1009A1F8F /* Views */ = {
			isa = PBXGroup;
			children = (
				EA3DBEE92729FE3900ACD1FB /* ViewCells */,
				EA3DBEE72729FD1200ACD1FB /* Storyboards */,
				EA3DBEE82729FD2A00ACD1FB /* ViewControllers */,
			);
			path = Views;
			sourceTree = "<group>";
		};
		EAB6EB7427272218009A1F8F /* ApiService */ = {
			isa = PBXGroup;
			children = (
				EA0B2AC7272609C5003E4420 /* ApiService.swift */,
				EA0144D427260AB90021D6D4 /* ApiError.swift */,
				EAB6EB5F27270BAD009A1F8F /* ApiProtocol.swift */,
			);
			path = ApiService;
			sourceTree = "<group>";
		};
/* End PBXGroup section */

/* Begin PBXNativeTarget section */
		EA0B2A832725AA32003E4420 /* EgyptNews */ = {
			isa = PBXNativeTarget;
			buildConfigurationList = EA0B2AAE2725AA34003E4420 /* Build configuration list for PBXNativeTarget "EgyptNews" */;
			buildPhases = (
				74B96B2552723D301A4AE50C /* [CP] Check Pods Manifest.lock */,
				EA0B2A802725AA32003E4420 /* Sources */,
				EA0B2A812725AA32003E4420 /* Frameworks */,
				EA0B2A822725AA32003E4420 /* Resources */,
				6116F8A1B201743343E56DEB /* [CP] Embed Pods Frameworks */,
			);
			buildRules = (
			);
			dependencies = (
				EA0B2AC52725AEAE003E4420 /* PBXTargetDependency */,
			);
			name = EgyptNews;
			productName = EgyptNews;
			productReference = EA0B2A842725AA32003E4420 /* EgyptNews.app */;
			productType = "com.apple.product-type.application";
		};
		EA0B2A992725AA34003E4420 /* EgyptNewsTests */ = {
			isa = PBXNativeTarget;
			buildConfigurationList = EA0B2AB12725AA34003E4420 /* Build configuration list for PBXNativeTarget "EgyptNewsTests" */;
			buildPhases = (
				87BD405CE618EE5C82E7FD86 /* [CP] Check Pods Manifest.lock */,
				EA0B2A962725AA34003E4420 /* Sources */,
				EA0B2A972725AA34003E4420 /* Frameworks */,
				EA0B2A982725AA34003E4420 /* Resources */,
			);
			buildRules = (
			);
			dependencies = (
				EA0B2A9C2725AA34003E4420 /* PBXTargetDependency */,
			);
			name = EgyptNewsTests;
			productName = EgyptNewsTests;
			productReference = EA0B2A9A2725AA34003E4420 /* EgyptNewsTests.xctest */;
			productType = "com.apple.product-type.bundle.unit-test";
		};
		EA0B2AA32725AA34003E4420 /* EgyptNewsUITests */ = {
			isa = PBXNativeTarget;
			buildConfigurationList = EA0B2AB42725AA34003E4420 /* Build configuration list for PBXNativeTarget "EgyptNewsUITests" */;
			buildPhases = (
				3CAF033F9870D2F7282C8D43 /* [CP] Check Pods Manifest.lock */,
				EA0B2AA02725AA34003E4420 /* Sources */,
				EA0B2AA12725AA34003E4420 /* Frameworks */,
				EA0B2AA22725AA34003E4420 /* Resources */,
				F7327CA30F30DEBDC7635D98 /* [CP] Embed Pods Frameworks */,
			);
			buildRules = (
			);
			dependencies = (
				EA0B2AA62725AA34003E4420 /* PBXTargetDependency */,
			);
			name = EgyptNewsUITests;
			productName = EgyptNewsUITests;
			productReference = EA0B2AA42725AA34003E4420 /* EgyptNewsUITests.xctest */;
			productType = "com.apple.product-type.bundle.ui-testing";
		};
		EA0B2ABA2725ADCE003E4420 /* MvvmWhite */ = {
			isa = PBXNativeTarget;
			buildConfigurationList = EA0B2ABF2725ADCE003E4420 /* Build configuration list for PBXNativeTarget "MvvmWhite" */;
			buildPhases = (
				59AAB880175C96346FDCC025 /* [CP] Check Pods Manifest.lock */,
				EA0B2AB72725ADCE003E4420 /* Sources */,
				EA0B2AB82725ADCE003E4420 /* Frameworks */,
				EA0B2AB92725ADCE003E4420 /* CopyFiles */,
			);
			buildRules = (
			);
			dependencies = (
			);
			name = MvvmWhite;
			productName = MvvmWhite;
			productReference = EA0B2ABB2725ADCE003E4420 /* libMvvmWhite.a */;
			productType = "com.apple.product-type.library.static";
		};
/* End PBXNativeTarget section */

/* Begin PBXProject section */
		EA0B2A7C2725AA31003E4420 /* Project object */ = {
			isa = PBXProject;
			attributes = {
				BuildIndependentTargetsInParallel = 1;
				LastSwiftUpdateCheck = 1300;
				LastUpgradeCheck = 1300;
				TargetAttributes = {
					EA0B2A832725AA32003E4420 = {
						CreatedOnToolsVersion = 13.0;
					};
					EA0B2A992725AA34003E4420 = {
						CreatedOnToolsVersion = 13.0;
						TestTargetID = EA0B2A832725AA32003E4420;
					};
					EA0B2AA32725AA34003E4420 = {
						CreatedOnToolsVersion = 13.0;
						TestTargetID = EA0B2A832725AA32003E4420;
					};
					EA0B2ABA2725ADCE003E4420 = {
						CreatedOnToolsVersion = 13.0;
					};
				};
			};
			buildConfigurationList = EA0B2A7F2725AA31003E4420 /* Build configuration list for PBXProject "EgyptNews" */;
			compatibilityVersion = "Xcode 13.0";
			developmentRegion = en;
			hasScannedForEncodings = 0;
			knownRegions = (
				en,
				Base,
			);
			mainGroup = EA0B2A7B2725AA31003E4420;
			productRefGroup = EA0B2A852725AA32003E4420 /* Products */;
			projectDirPath = "";
			projectRoot = "";
			targets = (
				EA0B2A832725AA32003E4420 /* EgyptNews */,
				EA0B2A992725AA34003E4420 /* EgyptNewsTests */,
				EA0B2AA32725AA34003E4420 /* EgyptNewsUITests */,
				EA0B2ABA2725ADCE003E4420 /* MvvmWhite */,
			);
		};
/* End PBXProject section */

/* Begin PBXResourcesBuildPhase section */
		EA0B2A822725AA32003E4420 /* Resources */ = {
			isa = PBXResourcesBuildPhase;
			buildActionMask = 2147483647;
			files = (
				EA0B2A942725AA33003E4420 /* LaunchScreen.storyboard in Resources */,
				EA0B2A912725AA33003E4420 /* Assets.xcassets in Resources */,
				EAB6EB7327271F79009A1F8F /* Home.storyboard in Resources */,
				EA3DBEEF2729FEC900ACD1FB /* HeadlineTableViewCell.xib in Resources */,
			);
			runOnlyForDeploymentPostprocessing = 0;
		};
		EA0B2A982725AA34003E4420 /* Resources */ = {
			isa = PBXResourcesBuildPhase;
			buildActionMask = 2147483647;
			files = (
			);
			runOnlyForDeploymentPostprocessing = 0;
		};
		EA0B2AA22725AA34003E4420 /* Resources */ = {
			isa = PBXResourcesBuildPhase;
			buildActionMask = 2147483647;
			files = (
			);
			runOnlyForDeploymentPostprocessing = 0;
		};
/* End PBXResourcesBuildPhase section */

/* Begin PBXShellScriptBuildPhase section */
		3CAF033F9870D2F7282C8D43 /* [CP] Check Pods Manifest.lock */ = {
			isa = PBXShellScriptBuildPhase;
			buildActionMask = 2147483647;
			files = (
			);
			inputFileListPaths = (
			);
			inputPaths = (
				"${PODS_PODFILE_DIR_PATH}/Podfile.lock",
				"${PODS_ROOT}/Manifest.lock",
			);
			name = "[CP] Check Pods Manifest.lock";
			outputFileListPaths = (
			);
			outputPaths = (
				"$(DERIVED_FILE_DIR)/Pods-EgyptNews-EgyptNewsUITests-checkManifestLockResult.txt",
			);
			runOnlyForDeploymentPostprocessing = 0;
			shellPath = /bin/sh;
			shellScript = "diff \"${PODS_PODFILE_DIR_PATH}/Podfile.lock\" \"${PODS_ROOT}/Manifest.lock\" > /dev/null\nif [ $? != 0 ] ; then\n    # print error to STDERR\n    echo \"error: The sandbox is not in sync with the Podfile.lock. Run 'pod install' or update your CocoaPods installation.\" >&2\n    exit 1\nfi\n# This output is used by Xcode 'outputs' to avoid re-running this script phase.\necho \"SUCCESS\" > \"${SCRIPT_OUTPUT_FILE_0}\"\n";
			showEnvVarsInLog = 0;
		};
		59AAB880175C96346FDCC025 /* [CP] Check Pods Manifest.lock */ = {
			isa = PBXShellScriptBuildPhase;
			buildActionMask = 2147483647;
			files = (
			);
			inputFileListPaths = (
			);
			inputPaths = (
				"${PODS_PODFILE_DIR_PATH}/Podfile.lock",
				"${PODS_ROOT}/Manifest.lock",
			);
			name = "[CP] Check Pods Manifest.lock";
			outputFileListPaths = (
			);
			outputPaths = (
				"$(DERIVED_FILE_DIR)/Pods-MvvmWhite-checkManifestLockResult.txt",
			);
			runOnlyForDeploymentPostprocessing = 0;
			shellPath = /bin/sh;
			shellScript = "diff \"${PODS_PODFILE_DIR_PATH}/Podfile.lock\" \"${PODS_ROOT}/Manifest.lock\" > /dev/null\nif [ $? != 0 ] ; then\n    # print error to STDERR\n    echo \"error: The sandbox is not in sync with the Podfile.lock. Run 'pod install' or update your CocoaPods installation.\" >&2\n    exit 1\nfi\n# This output is used by Xcode 'outputs' to avoid re-running this script phase.\necho \"SUCCESS\" > \"${SCRIPT_OUTPUT_FILE_0}\"\n";
			showEnvVarsInLog = 0;
		};
		6116F8A1B201743343E56DEB /* [CP] Embed Pods Frameworks */ = {
			isa = PBXShellScriptBuildPhase;
			buildActionMask = 2147483647;
			files = (
			);
			inputFileListPaths = (
				"${PODS_ROOT}/Target Support Files/Pods-EgyptNews/Pods-EgyptNews-frameworks-${CONFIGURATION}-input-files.xcfilelist",
			);
			name = "[CP] Embed Pods Frameworks";
			outputFileListPaths = (
				"${PODS_ROOT}/Target Support Files/Pods-EgyptNews/Pods-EgyptNews-frameworks-${CONFIGURATION}-output-files.xcfilelist",
			);
			runOnlyForDeploymentPostprocessing = 0;
			shellPath = /bin/sh;
			shellScript = "\"${PODS_ROOT}/Target Support Files/Pods-EgyptNews/Pods-EgyptNews-frameworks.sh\"\n";
			showEnvVarsInLog = 0;
		};
		74B96B2552723D301A4AE50C /* [CP] Check Pods Manifest.lock */ = {
			isa = PBXShellScriptBuildPhase;
			buildActionMask = 2147483647;
			files = (
			);
			inputFileListPaths = (
			);
			inputPaths = (
				"${PODS_PODFILE_DIR_PATH}/Podfile.lock",
				"${PODS_ROOT}/Manifest.lock",
			);
			name = "[CP] Check Pods Manifest.lock";
			outputFileListPaths = (
			);
			outputPaths = (
				"$(DERIVED_FILE_DIR)/Pods-EgyptNews-checkManifestLockResult.txt",
			);
			runOnlyForDeploymentPostprocessing = 0;
			shellPath = /bin/sh;
			shellScript = "diff \"${PODS_PODFILE_DIR_PATH}/Podfile.lock\" \"${PODS_ROOT}/Manifest.lock\" > /dev/null\nif [ $? != 0 ] ; then\n    # print error to STDERR\n    echo \"error: The sandbox is not in sync with the Podfile.lock. Run 'pod install' or update your CocoaPods installation.\" >&2\n    exit 1\nfi\n# This output is used by Xcode 'outputs' to avoid re-running this script phase.\necho \"SUCCESS\" > \"${SCRIPT_OUTPUT_FILE_0}\"\n";
			showEnvVarsInLog = 0;
		};
		87BD405CE618EE5C82E7FD86 /* [CP] Check Pods Manifest.lock */ = {
			isa = PBXShellScriptBuildPhase;
			buildActionMask = 2147483647;
			files = (
			);
			inputFileListPaths = (
			);
			inputPaths = (
				"${PODS_PODFILE_DIR_PATH}/Podfile.lock",
				"${PODS_ROOT}/Manifest.lock",
			);
			name = "[CP] Check Pods Manifest.lock";
			outputFileListPaths = (
			);
			outputPaths = (
				"$(DERIVED_FILE_DIR)/Pods-EgyptNewsTests-checkManifestLockResult.txt",
			);
			runOnlyForDeploymentPostprocessing = 0;
			shellPath = /bin/sh;
			shellScript = "diff \"${PODS_PODFILE_DIR_PATH}/Podfile.lock\" \"${PODS_ROOT}/Manifest.lock\" > /dev/null\nif [ $? != 0 ] ; then\n    # print error to STDERR\n    echo \"error: The sandbox is not in sync with the Podfile.lock. Run 'pod install' or update your CocoaPods installation.\" >&2\n    exit 1\nfi\n# This output is used by Xcode 'outputs' to avoid re-running this script phase.\necho \"SUCCESS\" > \"${SCRIPT_OUTPUT_FILE_0}\"\n";
			showEnvVarsInLog = 0;
		};
		F7327CA30F30DEBDC7635D98 /* [CP] Embed Pods Frameworks */ = {
			isa = PBXShellScriptBuildPhase;
			buildActionMask = 2147483647;
			files = (
			);
			inputFileListPaths = (
				"${PODS_ROOT}/Target Support Files/Pods-EgyptNews-EgyptNewsUITests/Pods-EgyptNews-EgyptNewsUITests-frameworks-${CONFIGURATION}-input-files.xcfilelist",
			);
			name = "[CP] Embed Pods Frameworks";
			outputFileListPaths = (
				"${PODS_ROOT}/Target Support Files/Pods-EgyptNews-EgyptNewsUITests/Pods-EgyptNews-EgyptNewsUITests-frameworks-${CONFIGURATION}-output-files.xcfilelist",
			);
			runOnlyForDeploymentPostprocessing = 0;
			shellPath = /bin/sh;
			shellScript = "\"${PODS_ROOT}/Target Support Files/Pods-EgyptNews-EgyptNewsUITests/Pods-EgyptNews-EgyptNewsUITests-frameworks.sh\"\n";
			showEnvVarsInLog = 0;
		};
/* End PBXShellScriptBuildPhase section */

/* Begin PBXSourcesBuildPhase section */
		EA0B2A802725AA32003E4420 /* Sources */ = {
			isa = PBXSourcesBuildPhase;
			buildActionMask = 2147483647;
			files = (
				EAB6EB6C27271D83009A1F8F /* NewsServiceProtocol.swift in Sources */,
				EA0B2A882725AA32003E4420 /* AppDelegate.swift in Sources */,
				EA3DBEEE2729FEC900ACD1FB /* HeadlineTableViewCell.swift in Sources */,
				EAB6EB5E2727091F009A1F8F /* HeadlinesData.swift in Sources */,
				EA0B2A8A2725AA32003E4420 /* SceneDelegate.swift in Sources */,
				EAB6EB5827270662009A1F8F /* Urls.swift in Sources */,
				EAB6EB6527271709009A1F8F /* NewsService.swift in Sources */,
				EAB6EB7127271F4E009A1F8F /* HomeViewController.swift in Sources */,
				EA9FFE702729356600FBBB2C /* HomeViewModel.swift in Sources */,
				EAB6EB672727175F009A1F8F /* NewsRepoProtocol.swift in Sources */,
				EAB6EB5B272708E4009A1F8F /* NewsRepo.swift in Sources */,
				EAB6EB6A27271A2E009A1F8F /* HeadlineModel.swift in Sources */,
				EA9FFE6E2729340F00FBBB2C /* MockNewsRepo.swift in Sources */,
			);
			runOnlyForDeploymentPostprocessing = 0;
		};
		EA0B2A962725AA34003E4420 /* Sources */ = {
			isa = PBXSourcesBuildPhase;
			buildActionMask = 2147483647;
			files = (
				EA0B2A9F2725AA34003E4420 /* EgyptNewsTests.swift in Sources */,
			);
			runOnlyForDeploymentPostprocessing = 0;
		};
		EA0B2AA02725AA34003E4420 /* Sources */ = {
			isa = PBXSourcesBuildPhase;
			buildActionMask = 2147483647;
			files = (
				EA0B2AA92725AA34003E4420 /* EgyptNewsUITests.swift in Sources */,
				EA0B2AAB2725AA34003E4420 /* EgyptNewsUITestsLaunchTests.swift in Sources */,
			);
			runOnlyForDeploymentPostprocessing = 0;
		};
		EA0B2AB72725ADCE003E4420 /* Sources */ = {
			isa = PBXSourcesBuildPhase;
			buildActionMask = 2147483647;
			files = (
				EAB6EB6027270BAD009A1F8F /* ApiProtocol.swift in Sources */,
				EAB6EB552726DBD3009A1F8F /* StringExtension.swift in Sources */,
				EA3DBEF1272A064600ACD1FB /* TableViewCellExtension.swift in Sources */,
				EA9FFE6C2728477A00FBBB2C /* Settings.swift in Sources */,
				EA9FFE65272829AB00FBBB2C /* BaseModel.swift in Sources */,
				EAB6EB6227270CB2009A1F8F /* DataState.swift in Sources */,
				EA9FFE692728453F00FBBB2C /* BaseService.swift in Sources */,
				EA3DBEF3272A086E00ACD1FB /* NameDescribable.swift in Sources */,
				EA0B2AC8272609C5003E4420 /* ApiService.swift in Sources */,
				EA0144D527260AB90021D6D4 /* ApiError.swift in Sources */,
			);
			runOnlyForDeploymentPostprocessing = 0;
		};
/* End PBXSourcesBuildPhase section */

/* Begin PBXTargetDependency section */
		EA0B2A9C2725AA34003E4420 /* PBXTargetDependency */ = {
			isa = PBXTargetDependency;
			target = EA0B2A832725AA32003E4420 /* EgyptNews */;
			targetProxy = EA0B2A9B2725AA34003E4420 /* PBXContainerItemProxy */;
		};
		EA0B2AA62725AA34003E4420 /* PBXTargetDependency */ = {
			isa = PBXTargetDependency;
			target = EA0B2A832725AA32003E4420 /* EgyptNews */;
			targetProxy = EA0B2AA52725AA34003E4420 /* PBXContainerItemProxy */;
		};
		EA0B2AC52725AEAE003E4420 /* PBXTargetDependency */ = {
			isa = PBXTargetDependency;
			target = EA0B2ABA2725ADCE003E4420 /* MvvmWhite */;
			targetProxy = EA0B2AC42725AEAE003E4420 /* PBXContainerItemProxy */;
		};
/* End PBXTargetDependency section */

/* Begin PBXVariantGroup section */
		EA0B2A922725AA33003E4420 /* LaunchScreen.storyboard */ = {
			isa = PBXVariantGroup;
			children = (
				EA0B2A932725AA33003E4420 /* Base */,
			);
			name = LaunchScreen.storyboard;
			sourceTree = "<group>";
		};
/* End PBXVariantGroup section */

/* Begin XCBuildConfiguration section */
		EA0B2AAC2725AA34003E4420 /* Debug */ = {
			isa = XCBuildConfiguration;
			buildSettings = {
				ALWAYS_SEARCH_USER_PATHS = NO;
				CLANG_ANALYZER_NONNULL = YES;
				CLANG_ANALYZER_NUMBER_OBJECT_CONVERSION = YES_AGGRESSIVE;
				CLANG_CXX_LANGUAGE_STANDARD = "gnu++17";
				CLANG_CXX_LIBRARY = "libc++";
				CLANG_ENABLE_MODULES = YES;
				CLANG_ENABLE_OBJC_ARC = YES;
				CLANG_ENABLE_OBJC_WEAK = YES;
				CLANG_WARN_BLOCK_CAPTURE_AUTORELEASING = YES;
				CLANG_WARN_BOOL_CONVERSION = YES;
				CLANG_WARN_COMMA = YES;
				CLANG_WARN_CONSTANT_CONVERSION = YES;
				CLANG_WARN_DEPRECATED_OBJC_IMPLEMENTATIONS = YES;
				CLANG_WARN_DIRECT_OBJC_ISA_USAGE = YES_ERROR;
				CLANG_WARN_DOCUMENTATION_COMMENTS = YES;
				CLANG_WARN_EMPTY_BODY = YES;
				CLANG_WARN_ENUM_CONVERSION = YES;
				CLANG_WARN_INFINITE_RECURSION = YES;
				CLANG_WARN_INT_CONVERSION = YES;
				CLANG_WARN_NON_LITERAL_NULL_CONVERSION = YES;
				CLANG_WARN_OBJC_IMPLICIT_RETAIN_SELF = YES;
				CLANG_WARN_OBJC_LITERAL_CONVERSION = YES;
				CLANG_WARN_OBJC_ROOT_CLASS = YES_ERROR;
				CLANG_WARN_QUOTED_INCLUDE_IN_FRAMEWORK_HEADER = YES;
				CLANG_WARN_RANGE_LOOP_ANALYSIS = YES;
				CLANG_WARN_STRICT_PROTOTYPES = YES;
				CLANG_WARN_SUSPICIOUS_MOVE = YES;
				CLANG_WARN_UNGUARDED_AVAILABILITY = YES_AGGRESSIVE;
				CLANG_WARN_UNREACHABLE_CODE = YES;
				CLANG_WARN__DUPLICATE_METHOD_MATCH = YES;
				COPY_PHASE_STRIP = NO;
				DEBUG_INFORMATION_FORMAT = dwarf;
				ENABLE_STRICT_OBJC_MSGSEND = YES;
				ENABLE_TESTABILITY = YES;
				GCC_C_LANGUAGE_STANDARD = gnu11;
				GCC_DYNAMIC_NO_PIC = NO;
				GCC_NO_COMMON_BLOCKS = YES;
				GCC_OPTIMIZATION_LEVEL = 0;
				GCC_PREPROCESSOR_DEFINITIONS = (
					"DEBUG=1",
					"$(inherited)",
				);
				GCC_WARN_64_TO_32_BIT_CONVERSION = YES;
				GCC_WARN_ABOUT_RETURN_TYPE = YES_ERROR;
				GCC_WARN_UNDECLARED_SELECTOR = YES;
				GCC_WARN_UNINITIALIZED_AUTOS = YES_AGGRESSIVE;
				GCC_WARN_UNUSED_FUNCTION = YES;
				GCC_WARN_UNUSED_VARIABLE = YES;
				IPHONEOS_DEPLOYMENT_TARGET = 15.0;
				MTL_ENABLE_DEBUG_INFO = INCLUDE_SOURCE;
				MTL_FAST_MATH = YES;
				ONLY_ACTIVE_ARCH = YES;
				SDKROOT = iphoneos;
				SWIFT_ACTIVE_COMPILATION_CONDITIONS = DEBUG;
				SWIFT_OPTIMIZATION_LEVEL = "-Onone";
			};
			name = Debug;
		};
		EA0B2AAD2725AA34003E4420 /* Release */ = {
			isa = XCBuildConfiguration;
			buildSettings = {
				ALWAYS_SEARCH_USER_PATHS = NO;
				CLANG_ANALYZER_NONNULL = YES;
				CLANG_ANALYZER_NUMBER_OBJECT_CONVERSION = YES_AGGRESSIVE;
				CLANG_CXX_LANGUAGE_STANDARD = "gnu++17";
				CLANG_CXX_LIBRARY = "libc++";
				CLANG_ENABLE_MODULES = YES;
				CLANG_ENABLE_OBJC_ARC = YES;
				CLANG_ENABLE_OBJC_WEAK = YES;
				CLANG_WARN_BLOCK_CAPTURE_AUTORELEASING = YES;
				CLANG_WARN_BOOL_CONVERSION = YES;
				CLANG_WARN_COMMA = YES;
				CLANG_WARN_CONSTANT_CONVERSION = YES;
				CLANG_WARN_DEPRECATED_OBJC_IMPLEMENTATIONS = YES;
				CLANG_WARN_DIRECT_OBJC_ISA_USAGE = YES_ERROR;
				CLANG_WARN_DOCUMENTATION_COMMENTS = YES;
				CLANG_WARN_EMPTY_BODY = YES;
				CLANG_WARN_ENUM_CONVERSION = YES;
				CLANG_WARN_INFINITE_RECURSION = YES;
				CLANG_WARN_INT_CONVERSION = YES;
				CLANG_WARN_NON_LITERAL_NULL_CONVERSION = YES;
				CLANG_WARN_OBJC_IMPLICIT_RETAIN_SELF = YES;
				CLANG_WARN_OBJC_LITERAL_CONVERSION = YES;
				CLANG_WARN_OBJC_ROOT_CLASS = YES_ERROR;
				CLANG_WARN_QUOTED_INCLUDE_IN_FRAMEWORK_HEADER = YES;
				CLANG_WARN_RANGE_LOOP_ANALYSIS = YES;
				CLANG_WARN_STRICT_PROTOTYPES = YES;
				CLANG_WARN_SUSPICIOUS_MOVE = YES;
				CLANG_WARN_UNGUARDED_AVAILABILITY = YES_AGGRESSIVE;
				CLANG_WARN_UNREACHABLE_CODE = YES;
				CLANG_WARN__DUPLICATE_METHOD_MATCH = YES;
				COPY_PHASE_STRIP = NO;
				DEBUG_INFORMATION_FORMAT = "dwarf-with-dsym";
				ENABLE_NS_ASSERTIONS = NO;
				ENABLE_STRICT_OBJC_MSGSEND = YES;
				GCC_C_LANGUAGE_STANDARD = gnu11;
				GCC_NO_COMMON_BLOCKS = YES;
				GCC_WARN_64_TO_32_BIT_CONVERSION = YES;
				GCC_WARN_ABOUT_RETURN_TYPE = YES_ERROR;
				GCC_WARN_UNDECLARED_SELECTOR = YES;
				GCC_WARN_UNINITIALIZED_AUTOS = YES_AGGRESSIVE;
				GCC_WARN_UNUSED_FUNCTION = YES;
				GCC_WARN_UNUSED_VARIABLE = YES;
				IPHONEOS_DEPLOYMENT_TARGET = 15.0;
				MTL_ENABLE_DEBUG_INFO = NO;
				MTL_FAST_MATH = YES;
				SDKROOT = iphoneos;
				SWIFT_COMPILATION_MODE = wholemodule;
				SWIFT_OPTIMIZATION_LEVEL = "-O";
				VALIDATE_PRODUCT = YES;
			};
			name = Release;
		};
		EA0B2AAF2725AA34003E4420 /* Debug */ = {
			isa = XCBuildConfiguration;
			baseConfigurationReference = 49BE90C53ED694B817080922 /* Pods-EgyptNews.debug.xcconfig */;
			buildSettings = {
				ASSETCATALOG_COMPILER_APPICON_NAME = AppIcon;
				ASSETCATALOG_COMPILER_GLOBAL_ACCENT_COLOR_NAME = AccentColor;
				CODE_SIGN_STYLE = Automatic;
				CURRENT_PROJECT_VERSION = 1;
				GENERATE_INFOPLIST_FILE = YES;
				INFOPLIST_FILE = EgyptNews/Info.plist;
				INFOPLIST_KEY_UIApplicationSupportsIndirectInputEvents = YES;
				INFOPLIST_KEY_UILaunchStoryboardName = LaunchScreen;
				INFOPLIST_KEY_UIMainStoryboardFile = Home;
				INFOPLIST_KEY_UISupportedInterfaceOrientations_iPad = "UIInterfaceOrientationPortrait UIInterfaceOrientationPortraitUpsideDown UIInterfaceOrientationLandscapeLeft UIInterfaceOrientationLandscapeRight";
				INFOPLIST_KEY_UISupportedInterfaceOrientations_iPhone = "UIInterfaceOrientationPortrait UIInterfaceOrientationLandscapeLeft UIInterfaceOrientationLandscapeRight";
				IPHONEOS_DEPLOYMENT_TARGET = 15.0;
				LD_RUNPATH_SEARCH_PATHS = (
					"$(inherited)",
					"@executable_path/Frameworks",
				);
				MARKETING_VERSION = 1.0;
				PRODUCT_BUNDLE_IDENTIFIER = abumandour.EgyptNews;
				PRODUCT_NAME = "$(TARGET_NAME)";
				SWIFT_EMIT_LOC_STRINGS = YES;
				SWIFT_VERSION = 5.0;
				TARGETED_DEVICE_FAMILY = 1;
			};
			name = Debug;
		};
		EA0B2AB02725AA34003E4420 /* Release */ = {
			isa = XCBuildConfiguration;
			baseConfigurationReference = 9F43931024121C43422DFE71 /* Pods-EgyptNews.release.xcconfig */;
			buildSettings = {
				ASSETCATALOG_COMPILER_APPICON_NAME = AppIcon;
				ASSETCATALOG_COMPILER_GLOBAL_ACCENT_COLOR_NAME = AccentColor;
				CODE_SIGN_STYLE = Automatic;
				CURRENT_PROJECT_VERSION = 1;
				GENERATE_INFOPLIST_FILE = YES;
				INFOPLIST_FILE = EgyptNews/Info.plist;
				INFOPLIST_KEY_UIApplicationSupportsIndirectInputEvents = YES;
				INFOPLIST_KEY_UILaunchStoryboardName = LaunchScreen;
				INFOPLIST_KEY_UIMainStoryboardFile = Home;
				INFOPLIST_KEY_UISupportedInterfaceOrientations_iPad = "UIInterfaceOrientationPortrait UIInterfaceOrientationPortraitUpsideDown UIInterfaceOrientationLandscapeLeft UIInterfaceOrientationLandscapeRight";
				INFOPLIST_KEY_UISupportedInterfaceOrientations_iPhone = "UIInterfaceOrientationPortrait UIInterfaceOrientationLandscapeLeft UIInterfaceOrientationLandscapeRight";
				IPHONEOS_DEPLOYMENT_TARGET = 15.0;
				LD_RUNPATH_SEARCH_PATHS = (
					"$(inherited)",
					"@executable_path/Frameworks",
				);
				MARKETING_VERSION = 1.0;
				PRODUCT_BUNDLE_IDENTIFIER = abumandour.EgyptNews;
				PRODUCT_NAME = "$(TARGET_NAME)";
				SWIFT_EMIT_LOC_STRINGS = YES;
				SWIFT_VERSION = 5.0;
				TARGETED_DEVICE_FAMILY = 1;
			};
			name = Release;
		};
		EA0B2AB22725AA34003E4420 /* Debug */ = {
			isa = XCBuildConfiguration;
			baseConfigurationReference = E36DD971B3D74A7602A94281 /* Pods-EgyptNewsTests.debug.xcconfig */;
			buildSettings = {
				BUNDLE_LOADER = "$(TEST_HOST)";
				CODE_SIGN_STYLE = Automatic;
				CURRENT_PROJECT_VERSION = 1;
				GENERATE_INFOPLIST_FILE = YES;
				IPHONEOS_DEPLOYMENT_TARGET = 15.0;
				LD_RUNPATH_SEARCH_PATHS = (
					"$(inherited)",
					"@executable_path/Frameworks",
					"@loader_path/Frameworks",
				);
				MARKETING_VERSION = 1.0;
				PRODUCT_BUNDLE_IDENTIFIER = abumandour.EgyptNewsTests;
				PRODUCT_NAME = "$(TARGET_NAME)";
				SWIFT_EMIT_LOC_STRINGS = NO;
				SWIFT_VERSION = 5.0;
				TARGETED_DEVICE_FAMILY = "1,2";
				TEST_HOST = "$(BUILT_PRODUCTS_DIR)/EgyptNews.app/EgyptNews";
			};
			name = Debug;
		};
		EA0B2AB32725AA34003E4420 /* Release */ = {
			isa = XCBuildConfiguration;
			baseConfigurationReference = 63910B24148ED287D185BED7 /* Pods-EgyptNewsTests.release.xcconfig */;
			buildSettings = {
				BUNDLE_LOADER = "$(TEST_HOST)";
				CODE_SIGN_STYLE = Automatic;
				CURRENT_PROJECT_VERSION = 1;
				GENERATE_INFOPLIST_FILE = YES;
				IPHONEOS_DEPLOYMENT_TARGET = 15.0;
				LD_RUNPATH_SEARCH_PATHS = (
					"$(inherited)",
					"@executable_path/Frameworks",
					"@loader_path/Frameworks",
				);
				MARKETING_VERSION = 1.0;
				PRODUCT_BUNDLE_IDENTIFIER = abumandour.EgyptNewsTests;
				PRODUCT_NAME = "$(TARGET_NAME)";
				SWIFT_EMIT_LOC_STRINGS = NO;
				SWIFT_VERSION = 5.0;
				TARGETED_DEVICE_FAMILY = "1,2";
				TEST_HOST = "$(BUILT_PRODUCTS_DIR)/EgyptNews.app/EgyptNews";
			};
			name = Release;
		};
		EA0B2AB52725AA34003E4420 /* Debug */ = {
			isa = XCBuildConfiguration;
			baseConfigurationReference = 71FBF6F6454C407AA5B33EE2 /* Pods-EgyptNews-EgyptNewsUITests.debug.xcconfig */;
			buildSettings = {
				CODE_SIGN_STYLE = Automatic;
				CURRENT_PROJECT_VERSION = 1;
				GENERATE_INFOPLIST_FILE = YES;
				LD_RUNPATH_SEARCH_PATHS = (
					"$(inherited)",
					"@executable_path/Frameworks",
					"@loader_path/Frameworks",
				);
				MARKETING_VERSION = 1.0;
				PRODUCT_BUNDLE_IDENTIFIER = abumandour.EgyptNewsUITests;
				PRODUCT_NAME = "$(TARGET_NAME)";
				SWIFT_EMIT_LOC_STRINGS = NO;
				SWIFT_VERSION = 5.0;
				TARGETED_DEVICE_FAMILY = "1,2";
				TEST_TARGET_NAME = EgyptNews;
			};
			name = Debug;
		};
		EA0B2AB62725AA34003E4420 /* Release */ = {
			isa = XCBuildConfiguration;
			baseConfigurationReference = EF7577FB1A50A1FEBBC930F0 /* Pods-EgyptNews-EgyptNewsUITests.release.xcconfig */;
			buildSettings = {				
				CODE_SIGN_STYLE = Automatic;
				CURRENT_PROJECT_VERSION = 1;
				GENERATE_INFOPLIST_FILE = YES;
				LD_RUNPATH_SEARCH_PATHS = (
					"$(inherited)",
					"@executable_path/Frameworks",
					"@loader_path/Frameworks",
				);
				MARKETING_VERSION = 1.0;
				PRODUCT_BUNDLE_IDENTIFIER = abumandour.EgyptNewsUITests;
				PRODUCT_NAME = "$(TARGET_NAME)";
				SWIFT_EMIT_LOC_STRINGS = NO;
				SWIFT_VERSION = 5.0;
				TARGETED_DEVICE_FAMILY = "1,2";
				TEST_TARGET_NAME = EgyptNews;
			};
			name = Release;
		};
		EA0B2AC02725ADCE003E4420 /* Debug */ = {
			isa = XCBuildConfiguration;
			baseConfigurationReference = 76EE1B3199FD3B323109C561 /* Pods-MvvmWhite.debug.xcconfig */;
			buildSettings = {
				CODE_SIGN_STYLE = Automatic;
				IPHONEOS_DEPLOYMENT_TARGET = 15.0;
				OTHER_LDFLAGS = "-ObjC";
				PRODUCT_NAME = "$(TARGET_NAME)";
				SKIP_INSTALL = YES;
				SWIFT_VERSION = 5.0;
				TARGETED_DEVICE_FAMILY = "1,2";
			};
			name = Debug;
		};
		EA0B2AC12725ADCE003E4420 /* Release */ = {
			isa = XCBuildConfiguration;
			baseConfigurationReference = A0699BD0B4DD15AFE8801242 /* Pods-MvvmWhite.release.xcconfig */;
			buildSettings = {
				CODE_SIGN_STYLE = Automatic;
				IPHONEOS_DEPLOYMENT_TARGET = 15.0;
				OTHER_LDFLAGS = "-ObjC";
				PRODUCT_NAME = "$(TARGET_NAME)";
				SKIP_INSTALL = YES;
				SWIFT_VERSION = 5.0;
				TARGETED_DEVICE_FAMILY = "1,2";
			};
			name = Release;
		};
/* End XCBuildConfiguration section */

/* Begin XCConfigurationList section */
		EA0B2A7F2725AA31003E4420 /* Build configuration list for PBXProject "EgyptNews" */ = {
			isa = XCConfigurationList;
			buildConfigurations = (
				EA0B2AAC2725AA34003E4420 /* Debug */,
				EA0B2AAD2725AA34003E4420 /* Release */,
			);
			defaultConfigurationIsVisible = 0;
			defaultConfigurationName = Release;
		};
		EA0B2AAE2725AA34003E4420 /* Build configuration list for PBXNativeTarget "EgyptNews" */ = {
			isa = XCConfigurationList;
			buildConfigurations = (
				EA0B2AAF2725AA34003E4420 /* Debug */,
				EA0B2AB02725AA34003E4420 /* Release */,
			);
			defaultConfigurationIsVisible = 0;
			defaultConfigurationName = Release;
		};
		EA0B2AB12725AA34003E4420 /* Build configuration list for PBXNativeTarget "EgyptNewsTests" */ = {
			isa = XCConfigurationList;
			buildConfigurations = (
				EA0B2AB22725AA34003E4420 /* Debug */,
				EA0B2AB32725AA34003E4420 /* Release */,
			);
			defaultConfigurationIsVisible = 0;
			defaultConfigurationName = Release;
		};
		EA0B2AB42725AA34003E4420 /* Build configuration list for PBXNativeTarget "EgyptNewsUITests" */ = {
			isa = XCConfigurationList;
			buildConfigurations = (
				EA0B2AB52725AA34003E4420 /* Debug */,
				EA0B2AB62725AA34003E4420 /* Release */,
			);
			defaultConfigurationIsVisible = 0;
			defaultConfigurationName = Release;
		};
		EA0B2ABF2725ADCE003E4420 /* Build configuration list for PBXNativeTarget "MvvmWhite" */ = {
			isa = XCConfigurationList;
			buildConfigurations = (
				EA0B2AC02725ADCE003E4420 /* Debug */,
				EA0B2AC12725ADCE003E4420 /* Release */,
			);
			defaultConfigurationIsVisible = 0;
			defaultConfigurationName = Release;
		};
/* End XCConfigurationList section */
	};
	rootObject = EA0B2A7C2725AA31003E4420 /* Project object */;
}
